
Microsoft Visual Studio Solution File, Format Version 12.00
# Visual Studio Version 16
VisualStudioVersion = 16.0.30320.27
MinimumVisualStudioVersion = 10.0.40219.1
Project("{FAE04EC0-301F-11D3-BF4B-00C04F79EFBC}") = "grafos", "grafos\grafos.csproj", "{9AA9201D-D21F-4EA3-B8D7-408E242C4772}"
EndProject
Global
	GlobalSection(SolutionConfigurationPlatforms) = preSolution
		Debug|Any CPU = Debug|Any CPU
		Release|Any CPU = Release|Any CPU
	EndGlobalSection
	GlobalSection(ProjectConfigurationPlatforms) = postSolution
		{9AA9201D-D21F-4EA3-B8D7-408E242C4772}.Debug|Any CPU.ActiveCfg = Debug|Any CPU
		{9AA9201D-D21F-4EA3-B8D7-408E242C4772}.Debug|Any CPU.Build.0 = Debug|Any CPU
		{9AA9201D-D21F-4EA3-B8D7-408E242C4772}.Release|Any CPU.ActiveCfg = Release|Any CPU
		{9AA9201D-D21F-4EA3-B8D7-408E242C4772}.Release|Any CPU.Build.0 = Release|Any CPU
	EndGlobalSection
	GlobalSection(SolutionProperties) = preSolution
		HideSolutionNode = FALSE
	EndGlobalSection
	GlobalSection(ExtensibilityGlobals) = postSolution
		SolutionGuid = {C74D19C3-3F00-407E-B262-6E24827648D4}
	EndGlobalSection
EndGlobal
